
Microsoft Visual Studio Solution File, Format Version 12.00
# Visual Studio Version 16
VisualStudioVersion = 16.0.32802.440
MinimumVisualStudioVersion = 10.0.40219.1
Project("{9A19103F-16F7-4668-BE54-9A1E7A4F7556}") = "products-api", "products-api.csproj", "{8E76BC8C-1D28-4F29-B744-3A20A969FB25}"
EndProject
Project("{FAE04EC0-301F-11D3-BF4B-00C04F79EFBC}") = "entities", "..\entities\entities.csproj", "{35C0FEF4-C912-4FFF-92DA-BB26E3398A54}"
EndProject
Project("{FAE04EC0-301F-11D3-BF4B-00C04F79EFBC}") = "core", "..\core\core.csproj", "{FD58A699-BF7A-469C-BF75-3E461382BBD8}"
EndProject
Global
	GlobalSection(SolutionConfigurationPlatforms) = preSolution
		Debug|Any CPU = Debug|Any CPU
		Release|Any CPU = Release|Any CPU
	EndGlobalSection
	GlobalSection(ProjectConfigurationPlatforms) = postSolution
		{8E76BC8C-1D28-4F29-B744-3A20A969FB25}.Debug|Any CPU.ActiveCfg = Debug|Any CPU
		{8E76BC8C-1D28-4F29-B744-3A20A969FB25}.Debug|Any CPU.Build.0 = Debug|Any CPU
		{8E76BC8C-1D28-4F29-B744-3A20A969FB25}.Release|Any CPU.ActiveCfg = Release|Any CPU
		{8E76BC8C-1D28-4F29-B744-3A20A969FB25}.Release|Any CPU.Build.0 = Release|Any CPU
		{35C0FEF4-C912-4FFF-92DA-BB26E3398A54}.Debug|Any CPU.ActiveCfg = Debug|Any CPU
		{35C0FEF4-C912-4FFF-92DA-BB26E3398A54}.Debug|Any CPU.Build.0 = Debug|Any CPU
		{35C0FEF4-C912-4FFF-92DA-BB26E3398A54}.Release|Any CPU.ActiveCfg = Release|Any CPU
		{35C0FEF4-C912-4FFF-92DA-BB26E3398A54}.Release|Any CPU.Build.0 = Release|Any CPU
		{FD58A699-BF7A-469C-BF75-3E461382BBD8}.Debug|Any CPU.ActiveCfg = Debug|Any CPU
		{FD58A699-BF7A-469C-BF75-3E461382BBD8}.Debug|Any CPU.Build.0 = Debug|Any CPU
		{FD58A699-BF7A-469C-BF75-3E461382BBD8}.Release|Any CPU.ActiveCfg = Release|Any CPU
		{FD58A699-BF7A-469C-BF75-3E461382BBD8}.Release|Any CPU.Build.0 = Release|Any CPU
	EndGlobalSection
	GlobalSection(SolutionProperties) = preSolution
		HideSolutionNode = FALSE
	EndGlobalSection
	GlobalSection(ExtensibilityGlobals) = postSolution
		SolutionGuid = {D3E3D4DA-9100-45E1-89C9-96BB18F4959E}
	EndGlobalSection
EndGlobal
